
Microsoft Visual Studio Solution File, Format Version 12.00
# Visual Studio 15
VisualStudioVersion = 15.0.27428.2005
MinimumVisualStudioVersion = 10.0.40219.1
Project("{FAE04EC0-301F-11D3-BF4B-00C04F79EFBC}") = "SoftwareTeamwork", "SoftwareTeamwork\SoftwareTeamwork.csproj", "{168A52C6-BFFA-4504-BC7B-88A84C9D89B3}"
EndProject
Project("{FAE04EC0-301F-11D3-BF4B-00C04F79EFBC}") = "AIWindow", "AIWindow\AIWindow.csproj", "{A853AB33-743E-4B3E-AC94-2A7A61DECB93}"
EndProject
Global
	GlobalSection(SolutionConfigurationPlatforms) = preSolution
		Debug|Any CPU = Debug|Any CPU
		Release|Any CPU = Release|Any CPU
	EndGlobalSection
	GlobalSection(ProjectConfigurationPlatforms) = postSolution
		{168A52C6-BFFA-4504-BC7B-88A84C9D89B3}.Debug|Any CPU.ActiveCfg = Debug|Any CPU
		{168A52C6-BFFA-4504-BC7B-88A84C9D89B3}.Debug|Any CPU.Build.0 = Debug|Any CPU
		{168A52C6-BFFA-4504-BC7B-88A84C9D89B3}.Release|Any CPU.ActiveCfg = Release|Any CPU
		{168A52C6-BFFA-4504-BC7B-88A84C9D89B3}.Release|Any CPU.Build.0 = Release|Any CPU
		{A853AB33-743E-4B3E-AC94-2A7A61DECB93}.Debug|Any CPU.ActiveCfg = Debug|Any CPU
		{A853AB33-743E-4B3E-AC94-2A7A61DECB93}.Debug|Any CPU.Build.0 = Debug|Any CPU
		{A853AB33-743E-4B3E-AC94-2A7A61DECB93}.Release|Any CPU.ActiveCfg = Release|Any CPU
		{A853AB33-743E-4B3E-AC94-2A7A61DECB93}.Release|Any CPU.Build.0 = Release|Any CPU
	EndGlobalSection
	GlobalSection(SolutionProperties) = preSolution
		HideSolutionNode = FALSE
	EndGlobalSection
	GlobalSection(ExtensibilityGlobals) = postSolution
		SolutionGuid = {4A34DA32-AE7E-4320-90D4-10BCF8051CA8}
	EndGlobalSection
EndGlobal
